
Microsoft Visual Studio Solution File, Format Version 11.00
# Visual Studio 2010
Project("{002A2DE9-8BB6-484D-9802-7E4AD4084715}") = "DNS_Proxy", "DNS Proxy\DNS Proxy.visualdproj", "{D542F4DC-8630-441F-92DC-BBE3A428ED53}"
	ProjectSection(ProjectDependencies) = postProject
		{915AF900-1A29-49A9-A7E7-7FD04D2D1BA7} = {915AF900-1A29-49A9-A7E7-7FD04D2D1BA7}
		{E855DEC5-E812-4D10-A280-22287AE5655F} = {E855DEC5-E812-4D10-A280-22287AE5655F}
	EndProjectSection
EndProject
Project("{002A2DE9-8BB6-484D-9802-7E4AD4084715}") = "DNS", "DNS\DNS.visualdproj", "{E855DEC5-E812-4D10-A280-22287AE5655F}"
EndProject
Project("{002A2DE9-8BB6-484D-9802-7E4AD4084715}") = "SOCKS", "SOCKS\SOCKS.visualdproj", "{915AF900-1A29-49A9-A7E7-7FD04D2D1BA7}"
EndProject
Global
	GlobalSection(SolutionConfigurationPlatforms) = preSolution
		Debug|Win32 = Debug|Win32
		Release|Win32 = Release|Win32
	EndGlobalSection
	GlobalSection(ProjectConfigurationPlatforms) = postSolution
		{D542F4DC-8630-441F-92DC-BBE3A428ED53}.Debug|Win32.ActiveCfg = Debug|Win32
		{D542F4DC-8630-441F-92DC-BBE3A428ED53}.Debug|Win32.Build.0 = Debug|Win32
		{D542F4DC-8630-441F-92DC-BBE3A428ED53}.Release|Win32.ActiveCfg = Release|Win32
		{D542F4DC-8630-441F-92DC-BBE3A428ED53}.Release|Win32.Build.0 = Release|Win32
		{E855DEC5-E812-4D10-A280-22287AE5655F}.Debug|Win32.ActiveCfg = Debug|Win32
		{E855DEC5-E812-4D10-A280-22287AE5655F}.Debug|Win32.Build.0 = Debug|Win32
		{E855DEC5-E812-4D10-A280-22287AE5655F}.Release|Win32.ActiveCfg = Release|Win32
		{E855DEC5-E812-4D10-A280-22287AE5655F}.Release|Win32.Build.0 = Release|Win32
		{915AF900-1A29-49A9-A7E7-7FD04D2D1BA7}.Debug|Win32.ActiveCfg = Debug|Win32
		{915AF900-1A29-49A9-A7E7-7FD04D2D1BA7}.Debug|Win32.Build.0 = Debug|Win32
		{915AF900-1A29-49A9-A7E7-7FD04D2D1BA7}.Release|Win32.ActiveCfg = Release|Win32
		{915AF900-1A29-49A9-A7E7-7FD04D2D1BA7}.Release|Win32.Build.0 = Release|Win32
	EndGlobalSection
	GlobalSection(SolutionProperties) = preSolution
		HideSolutionNode = FALSE
	EndGlobalSection
EndGlobal
